// !$*UTF8*$!
{
	archiveVersion = 1;
	classes = {
	};
	objectVersion = 55;
	objects = {

/* Begin PBXBuildFile section */
		2A86A5A528E2FCE700D7C5FB /* HapticVibration.swift in Sources */ = {isa = PBXBuildFile; fileRef = 2A86A5A428E2FCE700D7C5FB /* HapticVibration.swift */; };
		2AB8FC6B28E2046300C063E4 /* readme.md in Resources */ = {isa = PBXBuildFile; fileRef = 2AB8FC6A28E2046300C063E4 /* readme.md */; };
		2ABDAFBB28DDA2EC00F44903 /* LocationManager.swift in Sources */ = {isa = PBXBuildFile; fileRef = 2ABDAFBA28DDA2EC00F44903 /* LocationManager.swift */; };
		2ABDC7A6289D0FB300F8C8B5 /* PlaneWXApp.swift in Sources */ = {isa = PBXBuildFile; fileRef = 2ABDC7A5289D0FB300F8C8B5 /* PlaneWXApp.swift */; };
		2ABDC7A8289D0FB300F8C8B5 /* todayView.swift in Sources */ = {isa = PBXBuildFile; fileRef = 2ABDC7A7289D0FB300F8C8B5 /* todayView.swift */; };
		2ABDC7AA289D0FB600F8C8B5 /* Assets.xcassets in Resources */ = {isa = PBXBuildFile; fileRef = 2ABDC7A9289D0FB600F8C8B5 /* Assets.xcassets */; };
		2ABDC7AD289D0FB600F8C8B5 /* Preview Assets.xcassets in Resources */ = {isa = PBXBuildFile; fileRef = 2ABDC7AC289D0FB600F8C8B5 /* Preview Assets.xcassets */; };
		2ABDC7D4289D175E00F8C8B5 /* alertView.swift in Sources */ = {isa = PBXBuildFile; fileRef = 2ABDC7D3289D175E00F8C8B5 /* alertView.swift */; };
		2ABDC7D6289D176800F8C8B5 /* forecastView.swift in Sources */ = {isa = PBXBuildFile; fileRef = 2ABDC7D5289D176800F8C8B5 /* forecastView.swift */; };
		2ABDC7D8289D1D8700F8C8B5 /* String+Extensions.swift in Sources */ = {isa = PBXBuildFile; fileRef = 2ABDC7D7289D1D8700F8C8B5 /* String+Extensions.swift */; };
		2ABDC7DB289D1DC500F8C8B5 /* Localizable.strings in Resources */ = {isa = PBXBuildFile; fileRef = 2ABDC7DD289D1DC500F8C8B5 /* Localizable.strings */; };
		2ADDD46228E33BC9005CA936 /* LocationProvider.swift in Sources */ = {isa = PBXBuildFile; fileRef = 2ADDD46128E33BC9005CA936 /* LocationProvider.swift */; };
		2B704BC328E9D7D4004FFEEE /* WeatherModel.swift in Sources */ = {isa = PBXBuildFile; fileRef = 2B704BC228E9D7D4004FFEEE /* WeatherModel.swift */; };
/* End PBXBuildFile section */

/* Begin PBXFileReference section */
		2A86A5A428E2FCE700D7C5FB /* HapticVibration.swift */ = {isa = PBXFileReference; fileEncoding = 4; lastKnownFileType = sourcecode.swift; path = HapticVibration.swift; sourceTree = "<group>"; };
		2AB8FC6A28E2046300C063E4 /* readme.md */ = {isa = PBXFileReference; lastKnownFileType = net.daringfireball.markdown; path = readme.md; sourceTree = "<group>"; };
		2ABDAFB728DD957300F44903 /* PlaneWX.entitlements */ = {isa = PBXFileReference; lastKnownFileType = text.plist.entitlements; path = PlaneWX.entitlements; sourceTree = "<group>"; };
		2ABDAFBA28DDA2EC00F44903 /* LocationManager.swift */ = {isa = PBXFileReference; lastKnownFileType = sourcecode.swift; path = LocationManager.swift; sourceTree = "<group>"; };
		2ABDC7A2289D0FB300F8C8B5 /* PlaneWX.app */ = {isa = PBXFileReference; explicitFileType = wrapper.application; includeInIndex = 0; path = PlaneWX.app; sourceTree = BUILT_PRODUCTS_DIR; };
		2ABDC7A5289D0FB300F8C8B5 /* PlaneWXApp.swift */ = {isa = PBXFileReference; lastKnownFileType = sourcecode.swift; path = PlaneWXApp.swift; sourceTree = "<group>"; };
		2ABDC7A7289D0FB300F8C8B5 /* todayView.swift */ = {isa = PBXFileReference; lastKnownFileType = sourcecode.swift; path = todayView.swift; sourceTree = "<group>"; };
		2ABDC7A9289D0FB600F8C8B5 /* Assets.xcassets */ = {isa = PBXFileReference; lastKnownFileType = folder.assetcatalog; path = Assets.xcassets; sourceTree = "<group>"; };
		2ABDC7AC289D0FB600F8C8B5 /* Preview Assets.xcassets */ = {isa = PBXFileReference; lastKnownFileType = folder.assetcatalog; path = "Preview Assets.xcassets"; sourceTree = "<group>"; };
		2ABDC7D3289D175E00F8C8B5 /* alertView.swift */ = {isa = PBXFileReference; lastKnownFileType = sourcecode.swift; path = alertView.swift; sourceTree = "<group>"; };
		2ABDC7D5289D176800F8C8B5 /* forecastView.swift */ = {isa = PBXFileReference; lastKnownFileType = sourcecode.swift; path = forecastView.swift; sourceTree = "<group>"; };
		2ABDC7D7289D1D8700F8C8B5 /* String+Extensions.swift */ = {isa = PBXFileReference; lastKnownFileType = sourcecode.swift; path = "String+Extensions.swift"; sourceTree = "<group>"; };
		2ABDC7DC289D1DC500F8C8B5 /* en */ = {isa = PBXFileReference; lastKnownFileType = text.plist.strings; name = en; path = en.lproj/Localizable.strings; sourceTree = "<group>"; };
		2ABDC7DE289D1DC600F8C8B5 /* fr */ = {isa = PBXFileReference; lastKnownFileType = text.plist.strings; name = fr; path = fr.lproj/Localizable.strings; sourceTree = "<group>"; };
		2ADDD46128E33BC9005CA936 /* LocationProvider.swift */ = {isa = PBXFileReference; lastKnownFileType = sourcecode.swift; path = LocationProvider.swift; sourceTree = "<group>"; };
		2B704BC228E9D7D4004FFEEE /* WeatherModel.swift */ = {isa = PBXFileReference; lastKnownFileType = sourcecode.swift; path = WeatherModel.swift; sourceTree = "<group>"; };
/* End PBXFileReference section */

/* Begin PBXFrameworksBuildPhase section */
		2ABDC79F289D0FB300F8C8B5 /* Frameworks */ = {
			isa = PBXFrameworksBuildPhase;
			buildActionMask = 2147483647;
			files = (
			);
			runOnlyForDeploymentPostprocessing = 0;
		};
/* End PBXFrameworksBuildPhase section */

/* Begin PBXGroup section */
		2ABDC799289D0FB300F8C8B5 = {
			isa = PBXGroup;
			children = (
				2AB8FC6A28E2046300C063E4 /* readme.md */,
				2ABDC7A4289D0FB300F8C8B5 /* PlaneWX */,
				2ABDC7A3289D0FB300F8C8B5 /* Products */,
			);
			sourceTree = "<group>";
		};
		2ABDC7A3289D0FB300F8C8B5 /* Products */ = {
			isa = PBXGroup;
			children = (
				2ABDC7A2289D0FB300F8C8B5 /* PlaneWX.app */,
			);
			name = Products;
			sourceTree = "<group>";
		};
		2ABDC7A4289D0FB300F8C8B5 /* PlaneWX */ = {
			isa = PBXGroup;
			children = (
				2ADDD46328E33D44005CA936 /* location */,
				2ABDAFB728DD957300F44903 /* PlaneWX.entitlements */,
				2ABDC7A5289D0FB300F8C8B5 /* PlaneWXApp.swift */,
				2ABDC7A7289D0FB300F8C8B5 /* todayView.swift */,
				2ABDC7D3289D175E00F8C8B5 /* alertView.swift */,
				2ABDC7D5289D176800F8C8B5 /* forecastView.swift */,
				2ABDC7D7289D1D8700F8C8B5 /* String+Extensions.swift */,
				2A86A5A428E2FCE700D7C5FB /* HapticVibration.swift */,
				2ABDC7DD289D1DC500F8C8B5 /* Localizable.strings */,
				2ABDC7A9289D0FB600F8C8B5 /* Assets.xcassets */,
				2ABDC7AB289D0FB600F8C8B5 /* Preview Content */,
				2B704BC228E9D7D4004FFEEE /* WeatherModel.swift */,
			);
			path = PlaneWX;
			sourceTree = "<group>";
		};
		2ABDC7AB289D0FB600F8C8B5 /* Preview Content */ = {
			isa = PBXGroup;
			children = (
				2ABDC7AC289D0FB600F8C8B5 /* Preview Assets.xcassets */,
			);
			path = "Preview Content";
			sourceTree = "<group>";
		};
		2ADDD46328E33D44005CA936 /* location */ = {
			isa = PBXGroup;
			children = (
				2ADDD46128E33BC9005CA936 /* LocationProvider.swift */,
				2ABDAFBA28DDA2EC00F44903 /* LocationManager.swift */,
			);
			path = location;
			sourceTree = "<group>";
		};
/* End PBXGroup section */

/* Begin PBXNativeTarget section */
		2ABDC7A1289D0FB300F8C8B5 /* PlaneWX */ = {
			isa = PBXNativeTarget;
			buildConfigurationList = 2ABDC7B0289D0FB600F8C8B5 /* Build configuration list for PBXNativeTarget "PlaneWX" */;
			buildPhases = (
				2ABDC79E289D0FB300F8C8B5 /* Sources */,
				2ABDC79F289D0FB300F8C8B5 /* Frameworks */,
				2ABDC7A0289D0FB300F8C8B5 /* Resources */,
			);
			buildRules = (
			);
			dependencies = (
			);
			name = PlaneWX;
			packageProductDependencies = (
			);
			productName = PlaneWX;
			productReference = 2ABDC7A2289D0FB300F8C8B5 /* PlaneWX.app */;
			productType = "com.apple.product-type.application";
		};
/* End PBXNativeTarget section */

/* Begin PBXProject section */
		2ABDC79A289D0FB300F8C8B5 /* Project object */ = {
			isa = PBXProject;
			attributes = {
				BuildIndependentTargetsInParallel = 1;
				LastSwiftUpdateCheck = 1340;
				LastUpgradeCheck = 1400;
				TargetAttributes = {
					2ABDC7A1289D0FB300F8C8B5 = {
						CreatedOnToolsVersion = 13.4.1;
					};
				};
			};
			buildConfigurationList = 2ABDC79D289D0FB300F8C8B5 /* Build configuration list for PBXProject "PlaneWX" */;
			compatibilityVersion = "Xcode 13.0";
			developmentRegion = en;
			hasScannedForEncodings = 0;
			knownRegions = (
				en,
				Base,
				fr,
			);
			mainGroup = 2ABDC799289D0FB300F8C8B5;
			packageReferences = (
			);
			productRefGroup = 2ABDC7A3289D0FB300F8C8B5 /* Products */;
			projectDirPath = "";
			projectRoot = "";
			targets = (
				2ABDC7A1289D0FB300F8C8B5 /* PlaneWX */,
			);
		};
/* End PBXProject section */

/* Begin PBXResourcesBuildPhase section */
		2ABDC7A0289D0FB300F8C8B5 /* Resources */ = {
			isa = PBXResourcesBuildPhase;
			buildActionMask = 2147483647;
			files = (
				2ABDC7AD289D0FB600F8C8B5 /* Preview Assets.xcassets in Resources */,
				2ABDC7DB289D1DC500F8C8B5 /* Localizable.strings in Resources */,
				2AB8FC6B28E2046300C063E4 /* readme.md in Resources */,
				2ABDC7AA289D0FB600F8C8B5 /* Assets.xcassets in Resources */,
			);
			runOnlyForDeploymentPostprocessing = 0;
		};
/* End PBXResourcesBuildPhase section */

/* Begin PBXSourcesBuildPhase section */
		2ABDC79E289D0FB300F8C8B5 /* Sources */ = {
			isa = PBXSourcesBuildPhase;
			buildActionMask = 2147483647;
			files = (
				2ABDC7D8289D1D8700F8C8B5 /* String+Extensions.swift in Sources */,
				2ABDC7A8289D0FB300F8C8B5 /* todayView.swift in Sources */,
				2ADDD46228E33BC9005CA936 /* LocationProvider.swift in Sources */,
				2ABDAFBB28DDA2EC00F44903 /* LocationManager.swift in Sources */,
				2B704BC328E9D7D4004FFEEE /* WeatherModel.swift in Sources */,
				2ABDC7A6289D0FB300F8C8B5 /* PlaneWXApp.swift in Sources */,
				2ABDC7D4289D175E00F8C8B5 /* alertView.swift in Sources */,
				2ABDC7D6289D176800F8C8B5 /* forecastView.swift in Sources */,
				2A86A5A528E2FCE700D7C5FB /* HapticVibration.swift in Sources */,
			);
			runOnlyForDeploymentPostprocessing = 0;
		};
/* End PBXSourcesBuildPhase section */

/* Begin PBXVariantGroup section */
		2ABDC7DD289D1DC500F8C8B5 /* Localizable.strings */ = {
			isa = PBXVariantGroup;
			children = (
				2ABDC7DC289D1DC500F8C8B5 /* en */,
				2ABDC7DE289D1DC600F8C8B5 /* fr */,
			);
			name = Localizable.strings;
			sourceTree = "<group>";
		};
/* End PBXVariantGroup section */

/* Begin XCBuildConfiguration section */
		2ABDC7AE289D0FB600F8C8B5 /* Debug */ = {
			isa = XCBuildConfiguration;
			buildSettings = {
				ALWAYS_SEARCH_USER_PATHS = NO;
				CLANG_ANALYZER_LOCALIZABILITY_NONLOCALIZED = YES;
				CLANG_ANALYZER_NONNULL = YES;
				CLANG_ANALYZER_NUMBER_OBJECT_CONVERSION = YES_AGGRESSIVE;
				CLANG_CXX_LANGUAGE_STANDARD = "gnu++17";
				CLANG_ENABLE_MODULES = YES;
				CLANG_ENABLE_OBJC_ARC = YES;
				CLANG_ENABLE_OBJC_WEAK = YES;
				CLANG_WARN_BLOCK_CAPTURE_AUTORELEASING = YES;
				CLANG_WARN_BOOL_CONVERSION = YES;
				CLANG_WARN_COMMA = YES;
				CLANG_WARN_CONSTANT_CONVERSION = YES;
				CLANG_WARN_DEPRECATED_OBJC_IMPLEMENTATIONS = YES;
				CLANG_WARN_DIRECT_OBJC_ISA_USAGE = YES_ERROR;
				CLANG_WARN_DOCUMENTATION_COMMENTS = YES;
				CLANG_WARN_EMPTY_BODY = YES;
				CLANG_WARN_ENUM_CONVERSION = YES;
				CLANG_WARN_INFINITE_RECURSION = YES;
				CLANG_WARN_INT_CONVERSION = YES;
				CLANG_WARN_NON_LITERAL_NULL_CONVERSION = YES;
				CLANG_WARN_OBJC_IMPLICIT_RETAIN_SELF = YES;
				CLANG_WARN_OBJC_LITERAL_CONVERSION = YES;
				CLANG_WARN_OBJC_ROOT_CLASS = YES_ERROR;
				CLANG_WARN_QUOTED_INCLUDE_IN_FRAMEWORK_HEADER = YES;
				CLANG_WARN_RANGE_LOOP_ANALYSIS = YES;
				CLANG_WARN_STRICT_PROTOTYPES = YES;
				CLANG_WARN_SUSPICIOUS_MOVE = YES;
				CLANG_WARN_UNGUARDED_AVAILABILITY = YES_AGGRESSIVE;
				CLANG_WARN_UNREACHABLE_CODE = YES;
				CLANG_WARN__DUPLICATE_METHOD_MATCH = YES;
				COPY_PHASE_STRIP = NO;
				DEBUG_INFORMATION_FORMAT = dwarf;
				ENABLE_STRICT_OBJC_MSGSEND = YES;
				ENABLE_TESTABILITY = YES;
				GCC_C_LANGUAGE_STANDARD = gnu11;
				GCC_DYNAMIC_NO_PIC = NO;
				GCC_NO_COMMON_BLOCKS = YES;
				GCC_OPTIMIZATION_LEVEL = 0;
				GCC_PREPROCESSOR_DEFINITIONS = (
					"DEBUG=1",
					"$(inherited)",
				);
				GCC_WARN_64_TO_32_BIT_CONVERSION = YES;
				GCC_WARN_ABOUT_RETURN_TYPE = YES_ERROR;
				GCC_WARN_UNDECLARED_SELECTOR = YES;
				GCC_WARN_UNINITIALIZED_AUTOS = YES_AGGRESSIVE;
				GCC_WARN_UNUSED_FUNCTION = YES;
				GCC_WARN_UNUSED_VARIABLE = YES;
				IPHONEOS_DEPLOYMENT_TARGET = 16.0;
				MTL_ENABLE_DEBUG_INFO = INCLUDE_SOURCE;
				MTL_FAST_MATH = YES;
				ONLY_ACTIVE_ARCH = YES;
				SDKROOT = iphoneos;
				SWIFT_ACTIVE_COMPILATION_CONDITIONS = DEBUG;
				SWIFT_OPTIMIZATION_LEVEL = "-Onone";
			};
			name = Debug;
		};
		2ABDC7AF289D0FB600F8C8B5 /* Release */ = {
			isa = XCBuildConfiguration;
			buildSettings = {
				ALWAYS_SEARCH_USER_PATHS = NO;
				CLANG_ANALYZER_LOCALIZABILITY_NONLOCALIZED = YES;
				CLANG_ANALYZER_NONNULL = YES;
				CLANG_ANALYZER_NUMBER_OBJECT_CONVERSION = YES_AGGRESSIVE;
				CLANG_CXX_LANGUAGE_STANDARD = "gnu++17";
				CLANG_ENABLE_MODULES = YES;
				CLANG_ENABLE_OBJC_ARC = YES;
				CLANG_ENABLE_OBJC_WEAK = YES;
				CLANG_WARN_BLOCK_CAPTURE_AUTORELEASING = YES;
				CLANG_WARN_BOOL_CONVERSION = YES;
				CLANG_WARN_COMMA = YES;
				CLANG_WARN_CONSTANT_CONVERSION = YES;
				CLANG_WARN_DEPRECATED_OBJC_IMPLEMENTATIONS = YES;
				CLANG_WARN_DIRECT_OBJC_ISA_USAGE = YES_ERROR;
				CLANG_WARN_DOCUMENTATION_COMMENTS = YES;
				CLANG_WARN_EMPTY_BODY = YES;
				CLANG_WARN_ENUM_CONVERSION = YES;
				CLANG_WARN_INFINITE_RECURSION = YES;
				CLANG_WARN_INT_CONVERSION = YES;
				CLANG_WARN_NON_LITERAL_NULL_CONVERSION = YES;
				CLANG_WARN_OBJC_IMPLICIT_RETAIN_SELF = YES;
				CLANG_WARN_OBJC_LITERAL_CONVERSION = YES;
				CLANG_WARN_OBJC_ROOT_CLASS = YES_ERROR;
				CLANG_WARN_QUOTED_INCLUDE_IN_FRAMEWORK_HEADER = YES;
				CLANG_WARN_RANGE_LOOP_ANALYSIS = YES;
				CLANG_WARN_STRICT_PROTOTYPES = YES;
				CLANG_WARN_SUSPICIOUS_MOVE = YES;
				CLANG_WARN_UNGUARDED_AVAILABILITY = YES_AGGRESSIVE;
				CLANG_WARN_UNREACHABLE_CODE = YES;
				CLANG_WARN__DUPLICATE_METHOD_MATCH = YES;
				COPY_PHASE_STRIP = NO;
				DEBUG_INFORMATION_FORMAT = "dwarf-with-dsym";
				ENABLE_NS_ASSERTIONS = NO;
				ENABLE_STRICT_OBJC_MSGSEND = YES;
				GCC_C_LANGUAGE_STANDARD = gnu11;
				GCC_NO_COMMON_BLOCKS = YES;
				GCC_WARN_64_TO_32_BIT_CONVERSION = YES;
				GCC_WARN_ABOUT_RETURN_TYPE = YES_ERROR;
				GCC_WARN_UNDECLARED_SELECTOR = YES;
				GCC_WARN_UNINITIALIZED_AUTOS = YES_AGGRESSIVE;
				GCC_WARN_UNUSED_FUNCTION = YES;
				GCC_WARN_UNUSED_VARIABLE = YES;
				IPHONEOS_DEPLOYMENT_TARGET = 16.0;
				MTL_ENABLE_DEBUG_INFO = NO;
				MTL_FAST_MATH = YES;
				SDKROOT = iphoneos;
				SWIFT_COMPILATION_MODE = wholemodule;
				SWIFT_OPTIMIZATION_LEVEL = "-O";
				VALIDATE_PRODUCT = YES;
			};
			name = Release;
		};
		2ABDC7B1289D0FB600F8C8B5 /* Debug */ = {
			isa = XCBuildConfiguration;
			buildSettings = {
				ASSETCATALOG_COMPILER_APPICON_NAME = AppIcon;
				ASSETCATALOG_COMPILER_GLOBAL_ACCENT_COLOR_NAME = AccentColor;
				CODE_SIGN_ENTITLEMENTS = PlaneWX/PlaneWX.entitlements;
				CODE_SIGN_STYLE = Automatic;
				CURRENT_PROJECT_VERSION = 0.0.3.9;
				DEVELOPMENT_ASSET_PATHS = "\"PlaneWX/Preview Content\"";
				DEVELOPMENT_TEAM = Y6A2Y5ZC26;
				ENABLE_PREVIEWS = YES;
				GENERATE_INFOPLIST_FILE = YES;
				INFOPLIST_FILE = PlaneWX/Info.plist;
				INFOPLIST_KEY_CFBundleDisplayName = planeWX;
				INFOPLIST_KEY_LSApplicationCategoryType = "public.app-category.weather";
				INFOPLIST_KEY_NSLocationAlwaysAndWhenInUseUsageDescription = "The app uses your location to determine and display weather datas.";
				INFOPLIST_KEY_NSLocationAlwaysUsageDescription = "The app uses your location to determine and display weather datas.";
				INFOPLIST_KEY_NSLocationWhenInUseUsageDescription = "skdjhgklsdjhgqlskdjghlksdjhglksdjghsdl sdkljgh sdjkg hsdjklg sqdlkjhg dlsqjkgh sqldjkgh qlsdkjhg qlsdkjgh sqdlkg qlkg lkgh qsldkgh qdslkgjh";
				INFOPLIST_KEY_UIApplicationSceneManifest_Generation = YES;
				INFOPLIST_KEY_UIApplicationSupportsIndirectInputEvents = YES;
				INFOPLIST_KEY_UILaunchScreen_Generation = YES;
				INFOPLIST_KEY_UIRequiredDeviceCapabilities = telephony;
				INFOPLIST_KEY_UIStatusBarHidden = YES;
				INFOPLIST_KEY_UISupportedInterfaceOrientations = UIInterfaceOrientationPortrait;
				INFOPLIST_KEY_UISupportedInterfaceOrientations_iPad = "UIInterfaceOrientationLandscapeLeft UIInterfaceOrientationLandscapeRight UIInterfaceOrientationPortrait UIInterfaceOrientationPortraitUpsideDown";
				IPHONEOS_DEPLOYMENT_TARGET = 16.0;
				LD_RUNPATH_SEARCH_PATHS = (
					"$(inherited)",
					"@executable_path/Frameworks",
				);
				MARKETING_VERSION = 1.0;
				PRODUCT_BUNDLE_IDENTIFIER = com.planecalc.PlaneWX;
				PRODUCT_NAME = "$(TARGET_NAME)";
				SUPPORTED_PLATFORMS = "iphoneos iphonesimulator";
				SUPPORTS_MACCATALYST = NO;
				SUPPORTS_MAC_DESIGNED_FOR_IPHONE_IPAD = NO;
				SWIFT_EMIT_LOC_STRINGS = YES;
				SWIFT_VERSION = 5.0;
				TARGETED_DEVICE_FAMILY = 1;
			};
			name = Debug;
		};
		2ABDC7B2289D0FB600F8C8B5 /* Release */ = {
			isa = XCBuildConfiguration;
			buildSettings = {
				ASSETCATALOG_COMPILER_APPICON_NAME = AppIcon;
				ASSETCATALOG_COMPILER_GLOBAL_ACCENT_COLOR_NAME = AccentColor;
				CODE_SIGN_ENTITLEMENTS = PlaneWX/PlaneWX.entitlements;
				CODE_SIGN_STYLE = Automatic;
				CURRENT_PROJECT_VERSION = 0.0.3.9;
				DEVELOPMENT_ASSET_PATHS = "\"PlaneWX/Preview Content\"";
				DEVELOPMENT_TEAM = Y6A2Y5ZC26;
				ENABLE_PREVIEWS = YES;
				GENERATE_INFOPLIST_FILE = YES;
				INFOPLIST_FILE = PlaneWX/Info.plist;
				INFOPLIST_KEY_CFBundleDisplayName = planeWX;
				INFOPLIST_KEY_LSApplicationCategoryType = "public.app-category.weather";
				INFOPLIST_KEY_NSLocationAlwaysAndWhenInUseUsageDescription = "The app uses your location to determine and display weather datas.";
				INFOPLIST_KEY_NSLocationAlwaysUsageDescription = "The app uses your location to determine and display weather datas.";
				INFOPLIST_KEY_NSLocationWhenInUseUsageDescription = "skdjhgklsdjhgqlskdjghlksdjhglksdjghsdl sdkljgh sdjkg hsdjklg sqdlkjhg dlsqjkgh sqldjkgh qlsdkjhg qlsdkjgh sqdlkg qlkg lkgh qsldkgh qdslkgjh";
				INFOPLIST_KEY_UIApplicationSceneManifest_Generation = YES;
				INFOPLIST_KEY_UIApplicationSupportsIndirectInputEvents = YES;
				INFOPLIST_KEY_UILaunchScreen_Generation = YES;
				INFOPLIST_KEY_UIRequiredDeviceCapabilities = telephony;
				INFOPLIST_KEY_UIStatusBarHidden = YES;
				INFOPLIST_KEY_UISupportedInterfaceOrientations = UIInterfaceOrientationPortrait;
				INFOPLIST_KEY_UISupportedInterfaceOrientations_iPad = "UIInterfaceOrientationLandscapeLeft UIInterfaceOrientationLandscapeRight UIInterfaceOrientationPortrait UIInterfaceOrientationPortraitUpsideDown";
				IPHONEOS_DEPLOYMENT_TARGET = 16.0;
				LD_RUNPATH_SEARCH_PATHS = (
					"$(inherited)",
					"@executable_path/Frameworks",
				);
				MARKETING_VERSION = 1.0;
				PRODUCT_BUNDLE_IDENTIFIER = com.planecalc.PlaneWX;
				PRODUCT_NAME = "$(TARGET_NAME)";
				SUPPORTED_PLATFORMS = "iphoneos iphonesimulator";
				SUPPORTS_MACCATALYST = NO;
				SUPPORTS_MAC_DESIGNED_FOR_IPHONE_IPAD = NO;
				SWIFT_EMIT_LOC_STRINGS = YES;
				SWIFT_VERSION = 5.0;
				TARGETED_DEVICE_FAMILY = 1;
			};
			name = Release;
		};
/* End XCBuildConfiguration section */

/* Begin XCConfigurationList section */
		2ABDC79D289D0FB300F8C8B5 /* Build configuration list for PBXProject "PlaneWX" */ = {
			isa = XCConfigurationList;
			buildConfigurations = (
				2ABDC7AE289D0FB600F8C8B5 /* Debug */,
				2ABDC7AF289D0FB600F8C8B5 /* Release */,
			);
			defaultConfigurationIsVisible = 0;
			defaultConfigurationName = Release;
		};
		2ABDC7B0289D0FB600F8C8B5 /* Build configuration list for PBXNativeTarget "PlaneWX" */ = {
			isa = XCConfigurationList;
			buildConfigurations = (
				2ABDC7B1289D0FB600F8C8B5 /* Debug */,
				2ABDC7B2289D0FB600F8C8B5 /* Release */,
			);
			defaultConfigurationIsVisible = 0;
			defaultConfigurationName = Release;
		};
/* End XCConfigurationList section */
	};
	rootObject = 2ABDC79A289D0FB300F8C8B5 /* Project object */;
}
